<?xml version="1.0" encoding="utf-8"?>
<Project ToolsVersion="4.0" xmlns="http://schemas.microsoft.com/developer/msbuild/2003">
  <ItemGroup>
    <ClInclude Include="Box.h" />
    <ClInclude Include="ColorSpace.h" />
    <ClInclude Include="DebugView.h" />
    <ClInclude Include="Explosion.h">
      <Filter>Header Files</Filter>
    </ClInclude>
    <ClInclude Include="Float3.h" />
    <ClInclude Include="Hash.h">
      <Filter>Header Files</Filter>
    </ClInclude>
    <ClInclude Include="Lighting.h">
      <Filter>Header Files</Filter>
    </ClInclude>
    <ClInclude Include="OctahedralNormal.h" />
    <ClInclude Include="OrthographicView.h" />
    <ClInclude Include="pch.h" />
    <ClInclude Include="PerspectiveView.h" />
    <ClInclude Include="Ray.h" />
    <ClInclude Include="RenderSettings.h">
      <Filter>Header Files</Filter>
    </ClInclude>
    <ClInclude Include="SplatBounds.h" />
    <ClInclude Include="ToneMap.h">
      <Filter>Header Files</Filter>
    </ClInclude>
    <ClInclude Include="TraceHit.h" />
    <ClInclude Include="VoxelGrid.h" />
    <ClInclude Include="VoxelRecord.h" />
    <ClInclude Include="VoxModel.h" />
  </ItemGroup>
  <ItemGroup>
    <ClCompile Include="ColorSpace.cpp" />
    <ClCompile Include="DebugView.cpp" />
    <ClCompile Include="Explosion.cpp">
      <Filter>Source Files</Filter>
    </ClCompile>
    <ClCompile Include="Lighting.cpp">
      <Filter>Source Files</Filter>
    </ClCompile>
    <ClCompile Include="OctahedralNormal.cpp" />
    <ClCompile Include="OrthographicView.cpp" />
    <ClCompile Include="pch.cpp" />
    <ClCompile Include="PerspectiveView.cpp" />
    <ClCompile Include="RenderSettings.cpp">
      <Filter>Source Files</Filter>
    </ClCompile>
    <ClCompile Include="SplatBounds.cpp" />
    <ClCompile Include="ToneMap.cpp">
      <Filter>Source Files</Filter>
    </ClCompile>
    <ClCompile Include="VoxelGrid.cpp" />
    <ClCompile Include="VoxModel.cpp" />
  </ItemGroup>
</Project>
