<?xml version="1.0" encoding="utf-8"?>
<Project ToolsVersion="4.0" xmlns="http://schemas.microsoft.com/developer/msbuild/2003">
  <ItemGroup>
    <ClInclude Include="Bloom.h" />
    <ClInclude Include="Box.h" />
    <ClInclude Include="ColorSpace.h" />
    <ClInclude Include="DebugView.h" />
    <ClInclude Include="Float3.h" />
    <ClInclude Include="Half.h" />
    <ClInclude Include="OctahedralNormal.h" />
    <ClInclude Include="OrthographicView.h" />
    <ClInclude Include="pch.h" />
    <ClInclude Include="PerspectiveView.h" />
    <ClInclude Include="Ray.h" />
    <ClInclude Include="Sky.h" />
    <ClInclude Include="SplatBounds.h" />
    <ClInclude Include="StarCatalog.h" />
    <ClInclude Include="TraceHit.h" />
    <ClInclude Include="VoxelGrid.h" />
    <ClInclude Include="VoxelRecord.h" />
    <ClInclude Include="VoxModel.h" />
    <ClInclude Include="Explosion.h" />
    <ClInclude Include="Hash.h" />
    <ClInclude Include="Lighting.h" />
    <ClInclude Include="RenderSettings.h" />
    <ClInclude Include="ToneMap.h" />
    <ClInclude Include="Placement.h" />
    <ClInclude Include="Quaternion.h" />
    <ClInclude Include="RigidTransform.h" />
    <ClInclude Include="SceneTracer.h" />
    <ClInclude Include="Sphere.h" />
    <ClInclude Include="LoopbackTransport.h" />
    <ClInclude Include="Message.h" />
    <ClInclude Include="Transport.h" />
    <ClInclude Include="NvfModel.h" />
    <ClInclude Include="NvfImport.h" />
  </ItemGroup>
  <ItemGroup>
    <ClCompile Include="Bloom.cpp" />
    <ClCompile Include="ColorSpace.cpp" />
    <ClCompile Include="DebugView.cpp" />
    <ClCompile Include="Half.cpp" />
    <ClCompile Include="OctahedralNormal.cpp" />
    <ClCompile Include="OrthographicView.cpp" />
    <ClCompile Include="pch.cpp" />
    <ClCompile Include="PerspectiveView.cpp" />
    <ClCompile Include="Sky.cpp" />
    <ClCompile Include="SplatBounds.cpp" />
    <ClCompile Include="StarCatalog.cpp" />
    <ClCompile Include="VoxelGrid.cpp" />
    <ClCompile Include="VoxModel.cpp" />
    <ClCompile Include="Explosion.cpp" />
    <ClCompile Include="Lighting.cpp" />
    <ClCompile Include="RenderSettings.cpp" />
    <ClCompile Include="ToneMap.cpp" />
    <ClCompile Include="Placement.cpp" />
    <ClCompile Include="RigidTransform.cpp" />
    <ClCompile Include="SceneTracer.cpp" />
    <ClCompile Include="LoopbackTransport.cpp" />
    <ClCompile Include="Message.cpp" />
    <ClCompile Include="Quaternion.cpp" />
    <ClCompile Include="NvfModel.cpp" />
    <ClCompile Include="NvfImport.cpp" />
  </ItemGroup>
</Project>