<?xml version="1.0" encoding="utf-8"?>
<Project ToolsVersion="4.0" xmlns="http://schemas.microsoft.com/developer/msbuild/2003">
  <ItemGroup>
    <ClInclude Include="pch.h" />
    <ClInclude Include="SeededRandom.h" />
    <ClInclude Include="VoxFile.h" />
  </ItemGroup>
  <ItemGroup>
    <ClCompile Include="BoxTests.cpp" />
    <ClCompile Include="DebugViewTests.cpp" />
    <ClCompile Include="LightingTests.cpp">
      <Filter>Source Files</Filter>
    </ClCompile>
    <ClCompile Include="MilitaryStationTests.cpp" />
    <ClCompile Include="PackingTests.cpp" />
    <ClCompile Include="pch.cpp" />
    <ClCompile Include="RenderSettingsTests.cpp">
      <Filter>Source Files</Filter>
    </ClCompile>
    <ClCompile Include="SplatBoundsTests.cpp" />
    <ClCompile Include="ToneMapTests.cpp">
      <Filter>Source Files</Filter>
    </ClCompile>
    <ClCompile Include="ViewTests.cpp" />
    <ClCompile Include="VoxelGridTests.cpp" />
    <ClCompile Include="VoxFile.cpp" />
    <ClCompile Include="VoxModelTests.cpp" />
  </ItemGroup>
</Project>
