<?xml version="1.0" encoding="utf-8"?>
<Project ToolsVersion="4.0" xmlns="http://schemas.microsoft.com/developer/msbuild/2003">
  <ItemGroup>
    <ClInclude Include="pch.h" />
    <ClInclude Include="PinnedStation.h" />
    <ClInclude Include="SeededRandom.h" />
    <ClInclude Include="VoxFile.h" />
    <ClInclude Include="CubeSymmetry.h" />
    <ClInclude Include="NvfGolden.h" />
    <ClInclude Include="RepositoryFile.h" />
  </ItemGroup>
  <ItemGroup>
    <ClCompile Include="BoxTests.cpp" />
    <ClCompile Include="DebugViewTests.cpp" />
    <ClCompile Include="MilitaryStationTests.cpp" />
    <ClCompile Include="PackingTests.cpp" />
    <ClCompile Include="pch.cpp" />
    <ClCompile Include="SplatBoundsTests.cpp" />
    <ClCompile Include="ViewTests.cpp" />
    <ClCompile Include="VoxelGridTests.cpp" />
    <ClCompile Include="VoxFile.cpp" />
    <ClCompile Include="VoxModelTests.cpp" />
    <ClCompile Include="ExplosionTests.cpp" />
    <ClCompile Include="LightingTests.cpp" />
    <ClCompile Include="RenderSettingsTests.cpp" />
    <ClCompile Include="ToneMapTests.cpp" />
    <ClCompile Include="CullingTests.cpp" />
    <ClCompile Include="PlacementTests.cpp" />
    <ClCompile Include="RigidTransformTests.cpp" />
    <ClCompile Include="SceneTracerTests.cpp" />
    <ClCompile Include="LoopbackTransportTests.cpp" />
    <ClCompile Include="MessageTests.cpp" />
    <ClCompile Include="NvfGolden.cpp" />
    <ClCompile Include="NvfModelTests.cpp" />
    <ClCompile Include="RepositoryFile.cpp" />
    <ClCompile Include="NvfImportTests.cpp" />
  </ItemGroup>
</Project>