<?xml version="1.0" encoding="utf-8"?>
<Project ToolsVersion="4.0" xmlns="http://schemas.microsoft.com/developer/msbuild/2003">
  <ItemGroup>
    <Filter Include="Source Files">
      <UniqueIdentifier>{4FC737F1-C7A5-4376-A066-2A32D752A2FF}</UniqueIdentifier>
      <Extensions>cpp</Extensions>
    </Filter>
    <Filter Include="Header Files">
      <UniqueIdentifier>{93995380-89BD-4b04-88EB-625FBE52EBFB}</UniqueIdentifier>
      <Extensions>h</Extensions>
    </Filter>
  </ItemGroup>
  <ItemGroup>
    <ClInclude Include="pch.h">
      <Filter>Header Files</Filter>
    </ClInclude>
    <ClInclude Include="SeededRandom.h">
      <Filter>Header Files</Filter>
    </ClInclude>
    <ClInclude Include="VoxFile.h">
      <Filter>Header Files</Filter>
    </ClInclude>
  </ItemGroup>
  <ItemGroup>
    <ClCompile Include="BoxTests.cpp">
      <Filter>Source Files</Filter>
    </ClCompile>
    <ClCompile Include="DebugViewTests.cpp">
      <Filter>Source Files</Filter>
    </ClCompile>
    <ClCompile Include="MilitaryStationTests.cpp">
      <Filter>Source Files</Filter>
    </ClCompile>
    <ClCompile Include="PackingTests.cpp">
      <Filter>Source Files</Filter>
    </ClCompile>
    <ClCompile Include="pch.cpp">
      <Filter>Source Files</Filter>
    </ClCompile>
    <ClCompile Include="SplatBoundsTests.cpp">
      <Filter>Source Files</Filter>
    </ClCompile>
    <ClCompile Include="ViewTests.cpp">
      <Filter>Source Files</Filter>
    </ClCompile>
    <ClCompile Include="VoxelGridTests.cpp">
      <Filter>Source Files</Filter>
    </ClCompile>
    <ClCompile Include="VoxFile.cpp">
      <Filter>Source Files</Filter>
    </ClCompile>
    <ClCompile Include="VoxModelTests.cpp">
      <Filter>Source Files</Filter>
    </ClCompile>
  </ItemGroup>
</Project>
