<?xml version="1.0" encoding="utf-8"?>
<Project ToolsVersion="4.0" xmlns="http://schemas.microsoft.com/developer/msbuild/2003">
  <ItemGroup>
    <Filter Include="Shader Files">
      <UniqueIdentifier>{7B3D5E91-2C44-4B1A-9E0F-5D6A8C1B2E3F}</UniqueIdentifier>
      <Extensions>hlsl;hlsli</Extensions>
    </Filter>
  </ItemGroup>
  <ItemGroup>
    <ClInclude Include="Clock.h" />
    <ClInclude Include="DebugViewPass.h" />
    <ClInclude Include="DescriptorHeap.h" />
    <ClInclude Include="FailureReport.h" />
    <ClInclude Include="GpuResources.h" />
    <ClInclude Include="GraphicsDevice.h" />
    <ClInclude Include="InputState.h" />
    <ClInclude Include="InstanceConstants.h" />
    <ClInclude Include="PaletteConstants.h" />
    <ClInclude Include="pch.h" />
    <ClInclude Include="Renderer.h" />
    <ClInclude Include="Shaders.h" />
    <ClInclude Include="SwapChain.h" />
    <ClInclude Include="UploadRing.h" />
    <ClInclude Include="ViewConstants.h" />
    <ClInclude Include="ViewSplatPass.h" />
    <ClInclude Include="ViewTargets.h" />
    <ClInclude Include="VoxelScene.h" />
    <ClInclude Include="Window.h" />
    <ClInclude Include="WindowsSdk.h" />
  </ItemGroup>
  <ItemGroup>
    <ClCompile Include="DebugViewPass.cpp" />
    <ClCompile Include="DescriptorHeap.cpp" />
    <ClCompile Include="FailureReport.cpp" />
    <ClCompile Include="GpuResources.cpp" />
    <ClCompile Include="GraphicsDevice.cpp" />
    <ClCompile Include="InputState.cpp" />
    <ClCompile Include="PaletteConstants.cpp" />
    <ClCompile Include="pch.cpp" />
    <ClCompile Include="Renderer.cpp" />
    <ClCompile Include="Shaders.cpp" />
    <ClCompile Include="SwapChain.cpp" />
    <ClCompile Include="UploadRing.cpp" />
    <ClCompile Include="ViewConstants.cpp" />
    <ClCompile Include="ViewSplatPass.cpp" />
    <ClCompile Include="ViewTargets.cpp" />
    <ClCompile Include="VoxelScene.cpp" />
    <ClCompile Include="Window.cpp" />
  </ItemGroup>
  <ItemGroup>
    <None Include="packages.config" />
    <None Include="Shader\DebugView.hlsli">
      <Filter>Shader Files</Filter>
    </None>
    <None Include="Shader\DebugViewPass.hlsli">
      <Filter>Shader Files</Filter>
    </None>
    <None Include="Shader\InstanceConstants.hlsli">
      <Filter>Shader Files</Filter>
    </None>
    <None Include="Shader\Packing.hlsli">
      <Filter>Shader Files</Filter>
    </None>
    <None Include="Shader\PaletteConstants.hlsli">
      <Filter>Shader Files</Filter>
    </None>
    <None Include="Shader\PerspectiveView.hlsli">
      <Filter>Shader Files</Filter>
    </None>
    <None Include="Shader\Ray.hlsli">
      <Filter>Shader Files</Filter>
    </None>
    <None Include="Shader\RayBox.hlsli">
      <Filter>Shader Files</Filter>
    </None>
    <None Include="Shader\Splat.hlsli">
      <Filter>Shader Files</Filter>
    </None>
    <None Include="Shader\SplatBounds.hlsli">
      <Filter>Shader Files</Filter>
    </None>
    <None Include="Shader\ViewConstants.hlsli">
      <Filter>Shader Files</Filter>
    </None>
  </ItemGroup>
  <ItemGroup>
    <FxCompile Include="Shader\DebugViewPS.hlsl">
      <Filter>Shader Files</Filter>
    </FxCompile>
    <FxCompile Include="Shader\DebugViewVS.hlsl">
      <Filter>Shader Files</Filter>
    </FxCompile>
    <FxCompile Include="Shader\ViewSplatAlignedPS.hlsl">
      <Filter>Shader Files</Filter>
    </FxCompile>
    <FxCompile Include="Shader\ViewSplatAlignedVS.hlsl">
      <Filter>Shader Files</Filter>
    </FxCompile>
  </ItemGroup>
</Project>