<?xml version="1.0" encoding="utf-8"?>
<Project ToolsVersion="4.0" xmlns="http://schemas.microsoft.com/developer/msbuild/2003">
  <ItemGroup>
    <Filter Include="Shader Files">
      <UniqueIdentifier>{7B3D5E91-2C44-4B1A-9E0F-5D6A8C1B2E3F}</UniqueIdentifier>
      <Extensions>hlsl;hlsli</Extensions>
    </Filter>
  </ItemGroup>
  <ItemGroup>
    <ClInclude Include="BloomChain.h" />
    <ClInclude Include="BloomConstants.h" />
    <ClInclude Include="BloomPass.h" />
    <ClInclude Include="Clock.h" />
    <ClInclude Include="DebugViewPass.h" />
    <ClInclude Include="DescriptorHeap.h" />
    <ClInclude Include="FailureReport.h" />
    <ClInclude Include="GpuResources.h" />
    <ClInclude Include="LastSeen.h" />
    <ClInclude Include="GraphicsDevice.h" />
    <ClInclude Include="InputState.h" />
    <ClInclude Include="PaletteConstants.h" />
    <ClInclude Include="pch.h" />
    <ClInclude Include="Renderer.h" />
    <ClInclude Include="Shaders.h" />
    <ClInclude Include="SkyConstants.h" />
    <ClInclude Include="SkyPass.h" />
    <ClInclude Include="SwapChain.h" />
    <ClInclude Include="UploadRing.h" />
    <ClInclude Include="ViewConstants.h" />
    <ClInclude Include="ViewTargets.h" />
    <ClInclude Include="VoxelScene.h" />
    <ClInclude Include="Window.h" />
    <ClInclude Include="WindowsSdk.h" />
    <ClInclude Include="Canvas.h" />
    <ClInclude Include="CanvasQuad.h" />
    <ClInclude Include="CanvasShading.h" />
    <ClInclude Include="ClientSession.h" />
    <ClInclude Include="CoveragePass.h" />
    <ClInclude Include="ExplosionConstants.h" />
    <ClInclude Include="FrameQueries.h" />
    <ClInclude Include="GlyphAtlas.h" />
    <ClInclude Include="LightingConstants.h" />
    <ClInclude Include="GasShellPass.h" />
    <ClInclude Include="LightingPass.h" />
    <ClInclude Include="ShadowMap.h" />
    <ClInclude Include="ShadowViewConstants.h" />
    <ClInclude Include="SplatPass.h" />
    <ClInclude Include="ToneMapPass.h" />
    <ClInclude Include="PlacementConstants.h" />
    <ClInclude Include="SceneModels.h" />
    <ClInclude Include="SnapshotBuffer.h" />
    <ClInclude Include="CapturedFrame.h" />
    <ClInclude Include="ComApartment.h" />
    <ClInclude Include="Surface.h" />
    <ClInclude Include="Interface.h" />
    <ClInclude Include="Pick.h" />
    <ClInclude Include="Overlay.h" />
    <ClInclude Include="DeferredSurface.h" />
  </ItemGroup>
  <ItemGroup>
    <ClCompile Include="BloomChain.cpp" />
    <ClCompile Include="BloomPass.cpp" />
    <ClCompile Include="DebugViewPass.cpp" />
    <ClCompile Include="DescriptorHeap.cpp" />
    <ClCompile Include="FailureReport.cpp" />
    <ClCompile Include="GpuResources.cpp" />
    <ClCompile Include="LastSeen.cpp" />
    <ClCompile Include="GraphicsDevice.cpp" />
    <ClCompile Include="InputState.cpp" />
    <ClCompile Include="PaletteConstants.cpp" />
    <ClCompile Include="pch.cpp" />
    <ClCompile Include="Renderer.cpp" />
    <ClCompile Include="Shaders.cpp" />
    <ClCompile Include="SkyConstants.cpp" />
    <ClCompile Include="SkyPass.cpp" />
    <ClCompile Include="SwapChain.cpp" />
    <ClCompile Include="UploadRing.cpp" />
    <ClCompile Include="ViewConstants.cpp" />
    <ClCompile Include="ViewTargets.cpp" />
    <ClCompile Include="VoxelScene.cpp" />
    <ClCompile Include="Window.cpp" />
    <ClCompile Include="Canvas.cpp" />
    <ClCompile Include="CanvasShading.cpp" />
    <ClCompile Include="ClientSession.cpp" />
    <ClCompile Include="CoveragePass.cpp" />
    <ClCompile Include="ExplosionConstants.cpp" />
    <ClCompile Include="FrameQueries.cpp" />
    <ClCompile Include="GlyphAtlas.cpp" />
    <ClCompile Include="LightingConstants.cpp" />
    <ClCompile Include="GasShellPass.cpp" />
    <ClCompile Include="LightingPass.cpp" />
    <ClCompile Include="ShadowMap.cpp" />
    <ClCompile Include="ShadowViewConstants.cpp" />
    <ClCompile Include="SplatPass.cpp" />
    <ClCompile Include="PlacementConstants.cpp" />
    <ClCompile Include="SceneModels.cpp" />
    <ClCompile Include="SnapshotBuffer.cpp" />
    <ClCompile Include="ToneMapPass.cpp" />
    <ClCompile Include="CapturedFrame.cpp" />
    <ClCompile Include="Interface.cpp" />
    <ClCompile Include="Pick.cpp" />
    <ClCompile Include="Overlay.cpp" />
    <ClCompile Include="DeferredSurface.cpp" />
  </ItemGroup>
  <ItemGroup>
    <None Include="packages.config" />
    <None Include="Shader\Bloom.hlsli">
      <Filter>Shader Files</Filter>
    </None>
    <None Include="Shader\BloomConstants.hlsli">
      <Filter>Shader Files</Filter>
    </None>
    <None Include="Shader\BloomPass.hlsli">
      <Filter>Shader Files</Filter>
    </None>
    <None Include="Shader\CanvasPass.hlsli">
      <Filter>Shader Files</Filter>
    </None>
    <None Include="Shader\CanvasQuad.hlsli">
      <Filter>Shader Files</Filter>
    </None>
    <None Include="Shader\CanvasShading.hlsli">
      <Filter>Shader Files</Filter>
    </None>
    <None Include="Shader\DebugView.hlsli">
      <Filter>Shader Files</Filter>
    </None>
    <None Include="Shader\DebugViewPass.hlsli">
      <Filter>Shader Files</Filter>
    </None>
    <None Include="Shader\Explosion.hlsli">
      <Filter>Shader Files</Filter>
    </None>
    <None Include="Shader\ExplosionConstants.hlsli">
      <Filter>Shader Files</Filter>
    </None>
    <None Include="Shader\Fragment.hlsli">
      <Filter>Shader Files</Filter>
    </None>
    <None Include="Shader\FullScreen.hlsli">
      <Filter>Shader Files</Filter>
    </None>
    <None Include="Shader\Hash.hlsli">
      <Filter>Shader Files</Filter>
    </None>
    <None Include="Shader\Blast.hlsli">
      <Filter>Shader Files</Filter>
    </None>
    <None Include="Shader\BlastLighting.hlsli">
      <Filter>Shader Files</Filter>
    </None>
    <None Include="Shader\GasShell.hlsli">
      <Filter>Shader Files</Filter>
    </None>
    <None Include="Shader\GasShellPass.hlsli">
      <Filter>Shader Files</Filter>
    </None>
    <None Include="Shader\GasShells.hlsli">
      <Filter>Shader Files</Filter>
    </None>
    <None Include="Shader\Lighting.hlsli">
      <Filter>Shader Files</Filter>
    </None>
    <None Include="Shader\LightingConstants.hlsli">
      <Filter>Shader Files</Filter>
    </None>
    <None Include="Shader\LightingPass.hlsli">
      <Filter>Shader Files</Filter>
    </None>
    <None Include="Shader\PlacementHeat.hlsli">
      <Filter>Shader Files</Filter>
    </None>
    <None Include="Shader\OrthographicView.hlsli">
      <Filter>Shader Files</Filter>
    </None>
    <None Include="Shader\Packing.hlsli">
      <Filter>Shader Files</Filter>
    </None>
    <None Include="Shader\PaletteConstants.hlsli">
      <Filter>Shader Files</Filter>
    </None>
    <None Include="Shader\PerspectiveView.hlsli">
      <Filter>Shader Files</Filter>
    </None>
    <None Include="Shader\Placement.hlsli">
      <Filter>Shader Files</Filter>
    </None>
    <None Include="Shader\PlacementConstants.hlsli">
      <Filter>Shader Files</Filter>
    </None>
    <None Include="Shader\Ray.hlsli">
      <Filter>Shader Files</Filter>
    </None>
    <None Include="Shader\RayBox.hlsli">
      <Filter>Shader Files</Filter>
    </None>
    <None Include="Shader\ShadowViewConstants.hlsli">
      <Filter>Shader Files</Filter>
    </None>
    <None Include="Shader\Sky.hlsli">
      <Filter>Shader Files</Filter>
    </None>
    <None Include="Shader\SkyConstants.hlsli">
      <Filter>Shader Files</Filter>
    </None>
    <None Include="Shader\SkyPass.hlsli">
      <Filter>Shader Files</Filter>
    </None>
    <None Include="Shader\Splat.hlsli">
      <Filter>Shader Files</Filter>
    </None>
    <None Include="Shader\SplatBounds.hlsli">
      <Filter>Shader Files</Filter>
    </None>
    <None Include="Shader\StarRecord.hlsli">
      <Filter>Shader Files</Filter>
    </None>
    <None Include="Shader\ToneMap.hlsli">
      <Filter>Shader Files</Filter>
    </None>
    <None Include="Shader\ToneMapPass.hlsli">
      <Filter>Shader Files</Filter>
    </None>
    <None Include="Shader\ViewConstants.hlsli">
      <Filter>Shader Files</Filter>
    </None>
  </ItemGroup>
  <ItemGroup>
    <FxCompile Include="Shader\BloomDownCS.hlsl">
      <Filter>Shader Files</Filter>
    </FxCompile>
    <FxCompile Include="Shader\BloomUpCS.hlsl">
      <Filter>Shader Files</Filter>
    </FxCompile>
    <FxCompile Include="Shader\CanvasPS.hlsl">
      <Filter>Shader Files</Filter>
    </FxCompile>
    <FxCompile Include="Shader\CanvasVS.hlsl">
      <Filter>Shader Files</Filter>
    </FxCompile>
    <FxCompile Include="Shader\CoverageVS.hlsl">
      <Filter>Shader Files</Filter>
    </FxCompile>
    <FxCompile Include="Shader\DebugViewPS.hlsl">
      <Filter>Shader Files</Filter>
    </FxCompile>
    <FxCompile Include="Shader\DebugViewVS.hlsl">
      <Filter>Shader Files</Filter>
    </FxCompile>
    <FxCompile Include="Shader\GasShellCS.hlsl">
      <Filter>Shader Files</Filter>
    </FxCompile>
    <FxCompile Include="Shader\LightingCS.hlsl">
      <Filter>Shader Files</Filter>
    </FxCompile>
    <FxCompile Include="Shader\ShadowSplatAlignedPS.hlsl">
      <Filter>Shader Files</Filter>
    </FxCompile>
    <FxCompile Include="Shader\ShadowSplatAlignedVS.hlsl">
      <Filter>Shader Files</Filter>
    </FxCompile>
    <FxCompile Include="Shader\ShadowSplatOrientedPS.hlsl">
      <Filter>Shader Files</Filter>
    </FxCompile>
    <FxCompile Include="Shader\ShadowSplatOrientedVS.hlsl">
      <Filter>Shader Files</Filter>
    </FxCompile>
    <FxCompile Include="Shader\SkyPS.hlsl">
      <Filter>Shader Files</Filter>
    </FxCompile>
    <FxCompile Include="Shader\SkyVS.hlsl">
      <Filter>Shader Files</Filter>
    </FxCompile>
    <FxCompile Include="Shader\StarPS.hlsl">
      <Filter>Shader Files</Filter>
    </FxCompile>
    <FxCompile Include="Shader\StarVS.hlsl">
      <Filter>Shader Files</Filter>
    </FxCompile>
    <FxCompile Include="Shader\ToneMapPS.hlsl">
      <Filter>Shader Files</Filter>
    </FxCompile>
    <FxCompile Include="Shader\ToneMapVS.hlsl">
      <Filter>Shader Files</Filter>
    </FxCompile>
    <FxCompile Include="Shader\ViewSplatAlignedOverdrawPS.hlsl">
      <Filter>Shader Files</Filter>
    </FxCompile>
    <FxCompile Include="Shader\ViewSplatAlignedPlainDepthPS.hlsl">
      <Filter>Shader Files</Filter>
    </FxCompile>
    <FxCompile Include="Shader\ViewSplatAlignedPS.hlsl">
      <Filter>Shader Files</Filter>
    </FxCompile>
    <FxCompile Include="Shader\ViewSplatAlignedVS.hlsl">
      <Filter>Shader Files</Filter>
    </FxCompile>
    <FxCompile Include="Shader\ViewSplatOrientedOverdrawPS.hlsl">
      <Filter>Shader Files</Filter>
    </FxCompile>
    <FxCompile Include="Shader\ViewSplatOrientedPlainDepthPS.hlsl">
      <Filter>Shader Files</Filter>
    </FxCompile>
    <FxCompile Include="Shader\ViewSplatOrientedPS.hlsl">
      <Filter>Shader Files</Filter>
    </FxCompile>
    <FxCompile Include="Shader\ViewSplatOrientedVS.hlsl">
      <Filter>Shader Files</Filter>
    </FxCompile>
  </ItemGroup>
</Project>