<?xml version="1.0" encoding="utf-8"?>
<Project ToolsVersion="4.0" xmlns="http://schemas.microsoft.com/developer/msbuild/2003">
  <ItemGroup>
    <Filter Include="Shader Files">
      <UniqueIdentifier>{7B3D5E91-2C44-4B1A-9E0F-5D6A8C1B2E3F}</UniqueIdentifier>
      <Extensions>hlsl;hlsli</Extensions>
    </Filter>
  </ItemGroup>
  <ItemGroup>
    <ClInclude Include="pch.h" />
    <ClInclude Include="TestSupport.h" />
  </ItemGroup>
  <ItemGroup>
    <ClCompile Include="BloomPassTests.cpp" />
    <ClCompile Include="DebugViewPassTests.cpp" />
    <ClCompile Include="LayoutEchoTests.cpp" />
    <ClCompile Include="pch.cpp" />
    <ClCompile Include="SkyPassTests.cpp" />
    <ClCompile Include="TestSupport.cpp" />
    <ClCompile Include="ViewSplatTests.cpp" />
    <ClCompile Include="CanvasTests.cpp" />
    <ClCompile Include="ClientSessionTests.cpp" />
    <ClCompile Include="ExplosionSplatTests.cpp" />
    <ClCompile Include="LightingPassTests.cpp" />
    <ClCompile Include="MeasurementTests.cpp" />
    <ClCompile Include="ShadowSplatTests.cpp" />
    <ClCompile Include="PlacementSplatTests.cpp" />
    <ClCompile Include="SceneModelsTests.cpp" />
    <ClCompile Include="SnapshotBufferTests.cpp" />
    <ClCompile Include="VoxelSceneTests.cpp" />
  </ItemGroup>
  <ItemGroup>
    <None Include="Shader\LayoutEcho.hlsli">
      <Filter>Shader Files</Filter>
    </None>
  </ItemGroup>
  <ItemGroup>
    <FxCompile Include="Shader\LayoutEchoCS.hlsl">
      <Filter>Shader Files</Filter>
    </FxCompile>
  </ItemGroup>
</Project>